{
  "R": {
    "Version": "4.1.2",
    "Repositories": [
      {
        "Name": "RSPM",
        "URL": "https://packagemanager.rstudio.com/cran/latest"
      },
      {
        "Name": "CRAN",
        "URL": "https://cloud.r-project.org"
      }
    ]
  },
  "Packages": {
    "renv": {
      "Package": "renv",
      "Version": "0.15.2-1",
      "Source": "Repository",
      "Repository": "https://rstudio.r-universe.dev",
      "RemoteUrl": "https://github.com/rstudio/renv",
      "RemoteRef": "HEAD",
      "RemoteSha": "d69b7ef28bd86778491bebbab49894dfc9e3cad2",
      "Hash": "211b27b4c104ce4499d8fd1005d980bc",
      "Requirements": []
    }
  }
}
